
Microsoft Visual Studio Solution File, Format Version 12.00
# Visual Studio 15
VisualStudioVersion = 15.0.28307.1758
MinimumVisualStudioVersion = 10.0.40219.1
Project("{FAE04EC0-301F-11D3-BF4B-00C04F79EFBC}") = "Abstract", "Abstract\Abstract.csproj", "{9E61238A-D1CC-40D9-992A-2031489BD2D1}"
EndProject
Global
	GlobalSection(SolutionConfigurationPlatforms) = preSolution
		Debug|Any CPU = Debug|Any CPU
		Release|Any CPU = Release|Any CPU
	EndGlobalSection
	GlobalSection(ProjectConfigurationPlatforms) = postSolution
		{9E61238A-D1CC-40D9-992A-2031489BD2D1}.Debug|Any CPU.ActiveCfg = Debug|Any CPU
		{9E61238A-D1CC-40D9-992A-2031489BD2D1}.Debug|Any CPU.Build.0 = Debug|Any CPU
		{9E61238A-D1CC-40D9-992A-2031489BD2D1}.Release|Any CPU.ActiveCfg = Release|Any CPU
		{9E61238A-D1CC-40D9-992A-2031489BD2D1}.Release|Any CPU.Build.0 = Release|Any CPU
	EndGlobalSection
	GlobalSection(SolutionProperties) = preSolution
		HideSolutionNode = FALSE
	EndGlobalSection
	GlobalSection(ExtensibilityGlobals) = postSolution
		SolutionGuid = {82BA8F21-CC31-446E-91CE-7F69CEE100B9}
	EndGlobalSection
EndGlobal
